<?xml version="1.0" encoding="utf-8"?>
<Project ToolsVersion="4.0" xmlns="http://schemas.microsoft.com/developer/msbuild/2003">
  <ItemGroup>
    <Filter Include="Source Files">
      <UniqueIdentifier>{4FC737F1-C7A5-4376-A066-2A32D752A2FF}</UniqueIdentifier>
      <Extensions>cpp;c;cc;cxx;def;odl;idl;hpj;bat;asm;asmx</Extensions>
    </Filter>
    <Filter Include="Header Files">
      <UniqueIdentifier>{93995380-89BD-4b04-88EB-625FBE52EBFB}</UniqueIdentifier>
      <Extensions>h;hh;hpp;hxx;hm;inl;inc;xsd</Extensions>
    </Filter>
    <Filter Include="Resource Files">
      <UniqueIdentifier>{67DA6AB6-F800-4c08-8B7A-83BB121AAD01}</UniqueIdentifier>
      <Extensions>rc;ico;cur;bmp;dlg;rc2;rct;bin;rgs;gif;jpg;jpeg;jpe;resx;tiff;tif;png;wav;mfcribbon-ms</Extensions>
    </Filter>
    <Filter Include="Header Files\wrap">
      <UniqueIdentifier>{39620a75-ea97-4281-80c4-53bbf5268ae7}</UniqueIdentifier>
    </Filter>
    <Filter Include="Header Files\l%27utilité">
      <UniqueIdentifier>{cddce19a-c6ff-4cf7-ba38-cbb76c82f82c}</UniqueIdentifier>
    </Filter>
    <Filter Include="Header Files\l%27utilité\client">
      <UniqueIdentifier>{ff75f9d6-f3c7-4802-a675-3cbc60ffbe3a}</UniqueIdentifier>
    </Filter>
    <Filter Include="Header Files\l%27utilité\externe">
      <UniqueIdentifier>{aced61f3-37a3-42fa-9a69-a31149f8ff5a}</UniqueIdentifier>
    </Filter>
    <Filter Include="Header Files\l%27utilité\log">
      <UniqueIdentifier>{6490278e-f3d0-4c09-bfee-cac06b72f709}</UniqueIdentifier>
    </Filter>
    <Filter Include="Header Files\la racine">
      <UniqueIdentifier>{e5b3bcd7-49bb-40ba-8eb8-441ba7afe632}</UniqueIdentifier>
    </Filter>
    <Filter Include="Header Files\l%27application">
      <UniqueIdentifier>{f301e2fe-28d0-4f14-a44e-d756bea5db98}</UniqueIdentifier>
    </Filter>
    <Filter Include="Header Files\la configuration">
      <UniqueIdentifier>{ec999aab-3092-49c7-a136-03fa2a3e1386}</UniqueIdentifier>
    </Filter>
  </ItemGroup>
  <ItemGroup>
    <ClInclude Include="cvwrap.h">
      <Filter>Header Files\wrap</Filter>
    </ClInclude>
    <ClInclude Include="user.h">
      <Filter>Header Files\la configuration</Filter>
    </ClInclude>
    <ClInclude Include="winevent.h">
      <Filter>Header Files\wrap</Filter>
    </ClInclude>
    <ClInclude Include="map.h">
      <Filter>Header Files\l%27utilité\client</Filter>
    </ClInclude>
    <ClInclude Include="log.h">
      <Filter>Header Files\l%27utilité\log</Filter>
    </ClInclude>
    <ClInclude Include="contrôler_ip.h">
      <Filter>Header Files\l%27utilité\externe</Filter>
    </ClInclude>
    <ClInclude Include="client_api.h">
      <Filter>Header Files\l%27utilité\client</Filter>
    </ClInclude>
    <ClInclude Include="operation_circulaire.h">
      <Filter>Header Files\l%27application</Filter>
    </ClInclude>
    <ClInclude Include="malrangi.h">
      <Filter>Header Files\la racine</Filter>
    </ClInclude>
    <ClInclude Include="boss.h">
      <Filter>Header Files\l%27utilité\client</Filter>
    </ClInclude>
    <ClInclude Include="compte.h">
      <Filter>Header Files\l%27utilité\client</Filter>
    </ClInclude>
    <ClInclude Include="urus.h">
      <Filter>Header Files\l%27utilité\client</Filter>
    </ClInclude>
  </ItemGroup>
  <ItemGroup>
    <None Include="..\conf\user.conf">
      <Filter>Resource Files</Filter>
    </None>
    <None Include="packages.config" />
    <None Include="..\renouveler_ip.py">
      <Filter>Header Files\l%27application</Filter>
    </None>
    <None Include="..\contrôleur.py">
      <Filter>Header Files\l%27application</Filter>
    </None>
  </ItemGroup>
  <ItemGroup>
    <ClCompile Include="entry.cpp">
      <Filter>Source Files</Filter>
    </ClCompile>
    <ClCompile Include="client.cpp">
      <Filter>Source Files</Filter>
    </ClCompile>
  </ItemGroup>
</Project>