<?xml version="1.0" encoding="utf-8"?>
<Project ToolsVersion="4.0" xmlns="http://schemas.microsoft.com/developer/msbuild/2003">
  <ItemGroup>
    <Filter Include="Source Files">
      <UniqueIdentifier>{4FC737F1-C7A5-4376-A066-2A32D752A2FF}</UniqueIdentifier>
      <Extensions>cpp;c;cc;cxx;def;odl;idl;hpj;bat;asm;asmx</Extensions>
    </Filter>
    <Filter Include="Header Files">
      <UniqueIdentifier>{93995380-89BD-4b04-88EB-625FBE52EBFB}</UniqueIdentifier>
      <Extensions>h;hh;hpp;hxx;hm;inl;inc;xsd</Extensions>
    </Filter>
    <Filter Include="Resource Files">
      <UniqueIdentifier>{67DA6AB6-F800-4c08-8B7A-83BB121AAD01}</UniqueIdentifier>
      <Extensions>rc;ico;cur;bmp;dlg;rc2;rct;bin;rgs;gif;jpg;jpeg;jpe;resx;tiff;tif;png;wav;mfcribbon-ms</Extensions>
    </Filter>
    <Filter Include="Header Files\api">
      <UniqueIdentifier>{cddce19a-c6ff-4cf7-ba38-cbb76c82f82c}</UniqueIdentifier>
    </Filter>
    <Filter Include="Header Files\conf">
      <UniqueIdentifier>{ec999aab-3092-49c7-a136-03fa2a3e1386}</UniqueIdentifier>
    </Filter>
    <Filter Include="Header Files\util%28wrap%29">
      <UniqueIdentifier>{39620a75-ea97-4281-80c4-53bbf5268ae7}</UniqueIdentifier>
    </Filter>
    <Filter Include="Header Files\api\application">
      <UniqueIdentifier>{49c7eb76-f74a-43b6-9a69-14f2ee540a9f}</UniqueIdentifier>
    </Filter>
    <Filter Include="Header Files\api\application\client">
      <UniqueIdentifier>{ff75f9d6-f3c7-4802-a675-3cbc60ffbe3a}</UniqueIdentifier>
    </Filter>
    <Filter Include="Header Files\api\application\external">
      <UniqueIdentifier>{aced61f3-37a3-42fa-9a69-a31149f8ff5a}</UniqueIdentifier>
    </Filter>
    <Filter Include="Header Files\api\application\log">
      <UniqueIdentifier>{6490278e-f3d0-4c09-bfee-cac06b72f709}</UniqueIdentifier>
    </Filter>
  </ItemGroup>
  <ItemGroup>
    <ClInclude Include="cvwrap.h">
      <Filter>Header Files\util%28wrap%29</Filter>
    </ClInclude>
    <ClInclude Include="tesseract-binary-wrap.h">
      <Filter>Header Files\util%28wrap%29</Filter>
    </ClInclude>
    <ClInclude Include="user.h">
      <Filter>Header Files\conf</Filter>
    </ClInclude>
    <ClInclude Include="winevent.h">
      <Filter>Header Files\util%28wrap%29</Filter>
    </ClInclude>
    <ClInclude Include="client.h">
      <Filter>Header Files\api</Filter>
    </ClInclude>
    <ClInclude Include="report.h">
      <Filter>Header Files\api\application\external</Filter>
    </ClInclude>
    <ClInclude Include="ipmanage.h">
      <Filter>Header Files\api\application\external</Filter>
    </ClInclude>
    <ClInclude Include="malrangi.h">
      <Filter>Header Files</Filter>
    </ClInclude>
    <ClInclude Include="calc.h">
      <Filter>Header Files\api\application\client</Filter>
    </ClInclude>
    <ClInclude Include="circular_play.h">
      <Filter>Header Files\api\application\client</Filter>
    </ClInclude>
    <ClInclude Include="raid.h">
      <Filter>Header Files\api\application\client</Filter>
    </ClInclude>
    <ClInclude Include="map.h">
      <Filter>Header Files\api\application\client</Filter>
    </ClInclude>
    <ClInclude Include="boss.h">
      <Filter>Header Files\api\application\client</Filter>
    </ClInclude>
    <ClInclude Include="log.h">
      <Filter>Header Files\api\application\log</Filter>
    </ClInclude>
  </ItemGroup>
  <ItemGroup>
    <ClCompile Include="entry.cpp">
      <Filter>Source Files</Filter>
    </ClCompile>
  </ItemGroup>
  <ItemGroup>
    <None Include="..\conf\user.conf">
      <Filter>Resource Files</Filter>
    </None>
    <None Include="packages.config" />
    <None Include="..\renouveler_ip.py">
      <Filter>Header Files\api\application\external</Filter>
    </None>
  </ItemGroup>
</Project>